
Microsoft Visual Studio Solution File, Format Version 12.00
# Visual Studio 15
VisualStudioVersion = 15.0.26403.7
MinimumVisualStudioVersion = 10.0.40219.1
Project("{FAE04EC0-301F-11D3-BF4B-00C04F79EFBC}") = "sqlservergenx", "sqlservergenx\sqlservergenx.csproj", "{1355047D-2D3A-4B28-8C44-D2735635189E}"
EndProject
Project("{F2A71F9B-5D33-465A-A702-920D77279786}") = "sqlservergenx_f", "sqlservergenx_f\sqlservergenx_f.fsproj", "{27655ED9-1076-4170-B30F-C841C901CC38}"
EndProject
Global
	GlobalSection(SolutionConfigurationPlatforms) = preSolution
		Debug|Any CPU = Debug|Any CPU
		Release|Any CPU = Release|Any CPU
	EndGlobalSection
	GlobalSection(ProjectConfigurationPlatforms) = postSolution
		{1355047D-2D3A-4B28-8C44-D2735635189E}.Debug|Any CPU.ActiveCfg = Debug|Any CPU
		{1355047D-2D3A-4B28-8C44-D2735635189E}.Debug|Any CPU.Build.0 = Debug|Any CPU
		{1355047D-2D3A-4B28-8C44-D2735635189E}.Release|Any CPU.ActiveCfg = Release|Any CPU
		{1355047D-2D3A-4B28-8C44-D2735635189E}.Release|Any CPU.Build.0 = Release|Any CPU
		{27655ED9-1076-4170-B30F-C841C901CC38}.Debug|Any CPU.ActiveCfg = Debug|Any CPU
		{27655ED9-1076-4170-B30F-C841C901CC38}.Debug|Any CPU.Build.0 = Debug|Any CPU
		{27655ED9-1076-4170-B30F-C841C901CC38}.Release|Any CPU.ActiveCfg = Release|Any CPU
		{27655ED9-1076-4170-B30F-C841C901CC38}.Release|Any CPU.Build.0 = Release|Any CPU
	EndGlobalSection
	GlobalSection(SolutionProperties) = preSolution
		HideSolutionNode = FALSE
	EndGlobalSection
EndGlobal
